<?xml version="1.0" encoding="utf-8"?>
<Project ToolsVersion="4.0" xmlns="http://schemas.microsoft.com/developer/msbuild/2003">
  <ItemGroup>
    <Filter Include="CMSIS">
      <UniqueIdentifier>{62538fdf-9df4-4575-b1e1-b2fb18ba74ec}</UniqueIdentifier>
    </Filter>
    <Filter Include="Util">
      <UniqueIdentifier>{4f579f16-5556-40c1-ade3-66838f8d2cbe}</UniqueIdentifier>
    </Filter>
    <Filter Include="App">
      <UniqueIdentifier>{926455ce-06fe-4d2e-a713-9c90bcdea046}</UniqueIdentifier>
    </Filter>
    <Filter Include="Core">
      <UniqueIdentifier>{23990535-f9e0-4c66-b5f0-182d73b7e640}</UniqueIdentifier>
    </Filter>
    <Filter Include="Device">
      <UniqueIdentifier>{2811f283-06d4-4b53-9aeb-5dcbe6feb8f5}</UniqueIdentifier>
    </Filter>
    <Filter Include="Drivers">
      <UniqueIdentifier>{2da0c0db-eb22-4f9a-aac0-e27f62bd2958}</UniqueIdentifier>
    </Filter>
    <Filter Include="Fonts">
      <UniqueIdentifier>{ce61b125-20ab-4410-8320-391fad4297ad}</UniqueIdentifier>
    </Filter>
    <Filter Include="Modbus">
      <UniqueIdentifier>{879ed452-4bc9-4887-b71a-6dbce094166e}</UniqueIdentifier>
    </Filter>
    <Filter Include="Kernel">
      <UniqueIdentifier>{a0838ed7-2f75-449e-a271-ffabcd7c0949}</UniqueIdentifier>
    </Filter>
    <Filter Include="Net">
      <UniqueIdentifier>{610c493a-1879-48f8-a4da-39c8a48525f9}</UniqueIdentifier>
    </Filter>
    <Filter Include="Platform">
      <UniqueIdentifier>{53e16739-8662-446c-b667-769caf7afef3}</UniqueIdentifier>
    </Filter>
    <Filter Include="CortexM">
      <UniqueIdentifier>{009a50fa-2983-4a85-864c-ea88aa0152ad}</UniqueIdentifier>
    </Filter>
    <Filter Include="Storage">
      <UniqueIdentifier>{ccb038e1-de5e-41a4-8b18-7e30f35c9c2e}</UniqueIdentifier>
    </Filter>
    <Filter Include="Security">
      <UniqueIdentifier>{0dca9399-1212-4d6a-8f3e-ec578afbc775}</UniqueIdentifier>
    </Filter>
    <Filter Include="Test">
      <UniqueIdentifier>{c3a940ac-4f0e-4c4a-83f2-ad095b86df58}</UniqueIdentifier>
    </Filter>
    <Filter Include="User">
      <UniqueIdentifier>{e9594110-6966-4698-944d-f061b1a77000}</UniqueIdentifier>
    </Filter>
    <Filter Include="FWLIB">
      <UniqueIdentifier>{14c41971-752f-42da-b69c-f0a26c839c39}</UniqueIdentifier>
    </Filter>
  </ItemGroup>
  <ItemGroup>
    <ClCompile Include="..\..\STDOS\Core\Array.cpp">
      <Filter>Core</Filter>
    </ClCompile>
    <ClCompile Include="..\..\STDOS\Core\Buffer.cpp">
      <Filter>Core</Filter>
    </ClCompile>
    <ClCompile Include="..\..\STDOS\Core\ByteArray.cpp">
      <Filter>Core</Filter>
    </ClCompile>
    <ClCompile Include="..\..\STDOS\Core\DateTime.cpp">
      <Filter>Core</Filter>
    </ClCompile>
    <ClCompile Include="..\..\STDOS\Core\Environment.cpp">
      <Filter>Core</Filter>
    </ClCompile>
    <ClCompile Include="..\..\STDOS\Core\List.cpp">
      <Filter>Core</Filter>
    </ClCompile>
    <ClCompile Include="..\..\STDOS\Core\Queue.cpp">
      <Filter>Core</Filter>
    </ClCompile>
    <ClCompile Include="..\..\STDOS\Core\Stream.cpp">
      <Filter>Core</Filter>
    </ClCompile>
    <ClCompile Include="..\..\STDOS\Core\String.cpp">
      <Filter>Core</Filter>
    </ClCompile>
    <ClCompile Include="..\..\STDOS\Core\TimeSpan.cpp">
      <Filter>Core</Filter>
    </ClCompile>
    <ClCompile Include="..\..\STDOS\Core\Type.cpp">
      <Filter>Core</Filter>
    </ClCompile>
    <ClCompile Include="..\..\STDOS\Core\Version.cpp">
      <Filter>Core</Filter>
    </ClCompile>
    <ClCompile Include="..\..\STDOS\App\AT.cpp">
      <Filter>App</Filter>
    </ClCompile>
    <ClCompile Include="..\..\STDOS\App\BlinkPort.cpp">
      <Filter>App</Filter>
    </ClCompile>
    <ClCompile Include="..\..\STDOS\App\bspkey.cpp">
      <Filter>App</Filter>
    </ClCompile>
    <ClCompile Include="..\..\STDOS\App\FlushPort.cpp">
      <Filter>App</Filter>
    </ClCompile>
    <ClCompile Include="..\..\STDOS\App\lcd_dr.cpp">
      <Filter>App</Filter>
    </ClCompile>
    <ClCompile Include="..\..\SYSTEM\STM32F1\CMSIS\system_stm32f10x.c">
      <Filter>CMSIS</Filter>
    </ClCompile>
    <ClCompile Include="..\..\SYSTEM\STM32F1\CMSIS\core_cm3.c">
      <Filter>CMSIS</Filter>
    </ClCompile>
    <ClCompile Include="..\main.cpp">
      <Filter>User</Filter>
    </ClCompile>
    <ClCompile Include="..\..\Util\CheckSum.cpp">
      <Filter>Util</Filter>
    </ClCompile>
    <ClCompile Include="..\..\Util\ModBus1.cpp">
      <Filter>Util</Filter>
    </ClCompile>
    <ClCompile Include="..\..\Util\Util.cpp">
      <Filter>Util</Filter>
    </ClCompile>
    <ClCompile Include="..\..\SYSTEM\STM32F1\FWLib\src\misc.c">
      <Filter>FWLIB</Filter>
    </ClCompile>
    <ClCompile Include="..\..\SYSTEM\STM32F1\FWLib\src\stm32f10x_adc.c">
      <Filter>FWLIB</Filter>
    </ClCompile>
    <ClCompile Include="..\..\SYSTEM\STM32F1\FWLib\src\stm32f10x_bkp.c">
      <Filter>FWLIB</Filter>
    </ClCompile>
    <ClCompile Include="..\..\SYSTEM\STM32F1\FWLib\src\stm32f10x_can.c">
      <Filter>FWLIB</Filter>
    </ClCompile>
    <ClCompile Include="..\..\SYSTEM\STM32F1\FWLib\src\stm32f10x_cec.c">
      <Filter>FWLIB</Filter>
    </ClCompile>
    <ClCompile Include="..\..\SYSTEM\STM32F1\FWLib\src\stm32f10x_crc.c">
      <Filter>FWLIB</Filter>
    </ClCompile>
    <ClCompile Include="..\..\SYSTEM\STM32F1\FWLib\src\stm32f10x_dac.c">
      <Filter>FWLIB</Filter>
    </ClCompile>
    <ClCompile Include="..\..\SYSTEM\STM32F1\FWLib\src\stm32f10x_dbgmcu.c">
      <Filter>FWLIB</Filter>
    </ClCompile>
    <ClCompile Include="..\..\SYSTEM\STM32F1\FWLib\src\stm32f10x_dma.c">
      <Filter>FWLIB</Filter>
    </ClCompile>
    <ClCompile Include="..\..\SYSTEM\STM32F1\FWLib\src\stm32f10x_exti.c">
      <Filter>FWLIB</Filter>
    </ClCompile>
    <ClCompile Include="..\..\SYSTEM\STM32F1\FWLib\src\stm32f10x_flash.c">
      <Filter>FWLIB</Filter>
    </ClCompile>
    <ClCompile Include="..\..\SYSTEM\STM32F1\FWLib\src\stm32f10x_fsmc.c">
      <Filter>FWLIB</Filter>
    </ClCompile>
    <ClCompile Include="..\..\SYSTEM\STM32F1\FWLib\src\stm32f10x_gpio.c">
      <Filter>FWLIB</Filter>
    </ClCompile>
    <ClCompile Include="..\..\SYSTEM\STM32F1\FWLib\src\stm32f10x_i2c.c">
      <Filter>FWLIB</Filter>
    </ClCompile>
    <ClCompile Include="..\..\SYSTEM\STM32F1\FWLib\src\stm32f10x_iwdg.c">
      <Filter>FWLIB</Filter>
    </ClCompile>
    <ClCompile Include="..\..\SYSTEM\STM32F1\FWLib\src\stm32f10x_pwr.c">
      <Filter>FWLIB</Filter>
    </ClCompile>
    <ClCompile Include="..\..\SYSTEM\STM32F1\FWLib\src\stm32f10x_rcc.c">
      <Filter>FWLIB</Filter>
    </ClCompile>
    <ClCompile Include="..\..\SYSTEM\STM32F1\FWLib\src\stm32f10x_rtc.c">
      <Filter>FWLIB</Filter>
    </ClCompile>
    <ClCompile Include="..\..\SYSTEM\STM32F1\FWLib\src\stm32f10x_sdio.c">
      <Filter>FWLIB</Filter>
    </ClCompile>
    <ClCompile Include="..\..\SYSTEM\STM32F1\FWLib\src\stm32f10x_spi.c">
      <Filter>FWLIB</Filter>
    </ClCompile>
    <ClCompile Include="..\..\SYSTEM\STM32F1\FWLib\src\stm32f10x_tim.c">
      <Filter>FWLIB</Filter>
    </ClCompile>
    <ClCompile Include="..\..\SYSTEM\STM32F1\FWLib\src\stm32f10x_usart.c">
      <Filter>FWLIB</Filter>
    </ClCompile>
    <ClCompile Include="..\..\SYSTEM\STM32F1\FWLib\src\stm32f10x_wwdg.c">
      <Filter>FWLIB</Filter>
    </ClCompile>
    <ClCompile Include="..\..\STDOS\Platform\CortexM\Interrupt.cpp">
      <Filter>CortexM</Filter>
    </ClCompile>
    <ClCompile Include="..\..\STDOS\Platform\CortexM\Port.cpp">
      <Filter>CortexM</Filter>
    </ClCompile>
    <ClCompile Include="..\..\STDOS\Platform\CortexM\Runtime.cpp">
      <Filter>CortexM</Filter>
    </ClCompile>
    <ClCompile Include="..\..\STDOS\Platform\CortexM\SerialPort.cpp">
      <Filter>CortexM</Filter>
    </ClCompile>
    <ClCompile Include="..\..\STDOS\Platform\CortexM\Sys.cpp">
      <Filter>CortexM</Filter>
    </ClCompile>
    <ClCompile Include="..\..\STDOS\Platform\CortexM\Time.cpp">
      <Filter>CortexM</Filter>
    </ClCompile>
    <ClCompile Include="..\..\STDOS\Test\WatchDogTest.cpp">
      <Filter>Test</Filter>
    </ClCompile>
    <ClCompile Include="..\..\STDOS\Test\WaitHandleTest.cpp">
      <Filter>Test</Filter>
    </ClCompile>
    <ClCompile Include="..\..\STDOS\Test\W25QXXXTest.cpp">
      <Filter>Test</Filter>
    </ClCompile>
    <ClCompile Include="..\..\STDOS\Test\TimerTest.cpp">
      <Filter>Test</Filter>
    </ClCompile>
    <ClCompile Include="..\..\STDOS\Test\ThreadTest.cpp">
      <Filter>Test</Filter>
    </ClCompile>
    <ClCompile Include="..\..\STDOS\Test\StringTest.cpp">
      <Filter>Test</Filter>
    </ClCompile>
    <ClCompile Include="..\..\STDOS\Test\StreamTest.cpp">
      <Filter>Test</Filter>
    </ClCompile>
    <ClCompile Include="..\..\STDOS\Test\ST7565RTest.cpp">
      <Filter>Test</Filter>
    </ClCompile>
    <ClCompile Include="..\..\STDOS\Test\SSD1309Test.cpp">
      <Filter>Test</Filter>
    </ClCompile>
    <ClCompile Include="..\..\STDOS\Test\SerialTest.cpp">
      <Filter>Test</Filter>
    </ClCompile>
    <ClCompile Include="..\..\STDOS\Test\RX8025TTest.cpp">
      <Filter>Test</Filter>
    </ClCompile>
    <ClCompile Include="..\..\STDOS\Test\PwmSoloTest.cpp">
      <Filter>Test</Filter>
    </ClCompile>
    <ClCompile Include="..\..\STDOS\Test\PulsePortTest.cpp">
      <Filter>Test</Filter>
    </ClCompile>
    <ClCompile Include="..\..\STDOS\Test\PortTest.cpp">
      <Filter>Test</Filter>
    </ClCompile>
    <ClCompile Include="..\..\STDOS\Test\nrf24l01Test.cpp">
      <Filter>Test</Filter>
    </ClCompile>
    <ClCompile Include="..\..\STDOS\Test\ModbusTest.cpp">
      <Filter>Test</Filter>
    </ClCompile>
    <ClCompile Include="..\..\STDOS\Test\MessageTest.cpp">
      <Filter>Test</Filter>
    </ClCompile>
    <ClCompile Include="..\..\STDOS\Test\ListTest.cpp">
      <Filter>Test</Filter>
    </ClCompile>
    <ClCompile Include="..\..\STDOS\Test\lcd_drTest.cpp">
      <Filter>Test</Filter>
    </ClCompile>
    <ClCompile Include="..\..\STDOS\Test\JsonTest.cpp">
      <Filter>Test</Filter>
    </ClCompile>
    <ClCompile Include="..\..\STDOS\Test\IRTest.cpp">
      <Filter>Test</Filter>
    </ClCompile>
    <ClCompile Include="..\..\STDOS\Test\InvokeTest.cpp">
      <Filter>Test</Filter>
    </ClCompile>
    <ClCompile Include="..\..\STDOS\Test\FlushPortTest.cpp">
      <Filter>Test</Filter>
    </ClCompile>
    <ClCompile Include="..\..\STDOS\Test\FlashTest.cpp">
      <Filter>Test</Filter>
    </ClCompile>
    <ClCompile Include="..\..\STDOS\Test\EthernetTest.cpp">
      <Filter>Test</Filter>
    </ClCompile>
    <ClCompile Include="..\..\STDOS\Test\ESP8266Test.cpp">
      <Filter>Test</Filter>
    </ClCompile>
    <ClCompile Include="..\..\STDOS\Test\DS18B20Test.cpp">
      <Filter>Test</Filter>
    </ClCompile>
    <ClCompile Include="..\..\STDOS\Test\DictionaryTest.cpp">
      <Filter>Test</Filter>
    </ClCompile>
    <ClCompile Include="..\..\STDOS\Test\DateTimeTest.cpp">
      <Filter>Test</Filter>
    </ClCompile>
    <ClCompile Include="..\..\STDOS\Test\CrcTest.cpp">
      <Filter>Test</Filter>
    </ClCompile>
    <ClCompile Include="..\..\STDOS\Test\BufferTest.cpp">
      <Filter>Test</Filter>
    </ClCompile>
    <ClCompile Include="..\..\STDOS\Test\bspkeytest.cpp">
      <Filter>Test</Filter>
    </ClCompile>
    <ClCompile Include="..\..\STDOS\Test\BlinkPortTest.cpp">
      <Filter>Test</Filter>
    </ClCompile>
    <ClCompile Include="..\..\STDOS\Test\AT45DBTest.cpp">
      <Filter>Test</Filter>
    </ClCompile>
    <ClCompile Include="..\..\STDOS\Test\AT24CXXTest.cpp">
      <Filter>Test</Filter>
    </ClCompile>
    <ClCompile Include="..\..\STDOS\Test\ArrayTest.cpp">
      <Filter>Test</Filter>
    </ClCompile>
    <ClCompile Include="..\..\STDOS\Test\ADS1232Test.cpp">
      <Filter>Test</Filter>
    </ClCompile>
    <ClCompile Include="..\..\STDOS\Test\ADCTest.cpp">
      <Filter>Test</Filter>
    </ClCompile>
    <ClCompile Include="..\..\STDOS\Test\AD7124Test.cpp">
      <Filter>Test</Filter>
    </ClCompile>
    <ClCompile Include="..\..\STDOS\Test\AD1246Test.cpp">
      <Filter>Test</Filter>
    </ClCompile>
    <ClCompile Include="..\..\STDOS\Platform\STM32F1\Flash.cpp">
      <Filter>Platform</Filter>
    </ClCompile>
    <ClCompile Include="..\..\STDOS\Platform\STM32F1\I2C.cpp">
      <Filter>Platform</Filter>
    </ClCompile>
    <ClCompile Include="..\..\STDOS\Platform\STM32F1\Interrupt.cpp">
      <Filter>Platform</Filter>
    </ClCompile>
    <ClCompile Include="..\..\STDOS\Platform\STM32F1\Port.cpp">
      <Filter>Platform</Filter>
    </ClCompile>
    <ClCompile Include="..\..\STDOS\Platform\STM32F1\Pwm.cpp">
      <Filter>Platform</Filter>
    </ClCompile>
    <ClCompile Include="..\..\STDOS\Platform\STM32F1\PwmSolo.cpp">
      <Filter>Platform</Filter>
    </ClCompile>
    <ClCompile Include="..\..\STDOS\Platform\STM32F1\RTC.cpp">
      <Filter>Platform</Filter>
    </ClCompile>
    <ClCompile Include="..\..\STDOS\Platform\STM32F1\SerialPort.cpp">
      <Filter>Platform</Filter>
    </ClCompile>
    <ClCompile Include="..\..\STDOS\Platform\STM32F1\Spi.cpp">
      <Filter>Platform</Filter>
    </ClCompile>
    <ClCompile Include="..\..\STDOS\Platform\STM32F1\Sys.cpp">
      <Filter>Platform</Filter>
    </ClCompile>
    <ClCompile Include="..\..\STDOS\Platform\STM32F1\Time.cpp">
      <Filter>Platform</Filter>
    </ClCompile>
    <ClCompile Include="..\..\STDOS\Platform\STM32F1\Timer.cpp">
      <Filter>Platform</Filter>
    </ClCompile>
    <ClCompile Include="..\..\STDOS\Platform\STM32F1\WatchDog.cpp">
      <Filter>Platform</Filter>
    </ClCompile>
    <ClCompile Include="..\..\STDOS\Storage\Storage.cpp">
      <Filter>Storage</Filter>
    </ClCompile>
    <ClCompile Include="..\..\STDOS\Security\CheckSum.cpp">
      <Filter>Security</Filter>
    </ClCompile>
    <ClCompile Include="..\..\STDOS\Security\Crc.cpp">
      <Filter>Security</Filter>
    </ClCompile>
    <ClCompile Include="..\..\STDOS\Security\Parity.cpp">
      <Filter>Security</Filter>
    </ClCompile>
    <ClCompile Include="..\..\STDOS\Net\ITransport.cpp">
      <Filter>Net</Filter>
    </ClCompile>
    <ClCompile Include="..\..\STDOS\Net\MacAddress.cpp">
      <Filter>Net</Filter>
    </ClCompile>
    <ClCompile Include="..\..\STDOS\Net\NetworkInterface.cpp">
      <Filter>Net</Filter>
    </ClCompile>
    <ClCompile Include="..\..\STDOS\Net\Socket.cpp">
      <Filter>Net</Filter>
    </ClCompile>
    <ClCompile Include="..\..\STDOS\Kernel\Heap.cpp">
      <Filter>Kernel</Filter>
    </ClCompile>
    <ClCompile Include="..\..\STDOS\Kernel\Sys.cpp">
      <Filter>Kernel</Filter>
    </ClCompile>
    <ClCompile Include="..\..\STDOS\Kernel\Task.cpp">
      <Filter>Kernel</Filter>
    </ClCompile>
    <ClCompile Include="..\..\STDOS\Kernel\Thread.cpp">
      <Filter>Kernel</Filter>
    </ClCompile>
    <ClCompile Include="..\..\STDOS\Kernel\Time.cpp">
      <Filter>Kernel</Filter>
    </ClCompile>
    <ClCompile Include="..\..\STDOS\Kernel\TInterrupt.cpp">
      <Filter>Kernel</Filter>
    </ClCompile>
    <ClCompile Include="..\..\STDOS\Kernel\WaitHandle.cpp">
      <Filter>Kernel</Filter>
    </ClCompile>
    <ClCompile Include="..\..\STDOS\Modbus\Modbus.cpp">
      <Filter>Modbus</Filter>
    </ClCompile>
    <ClCompile Include="..\..\User\fonts\ssd1309font.c">
      <Filter>Fonts</Filter>
    </ClCompile>
    <ClCompile Include="..\..\User\fonts\ssd1309bmp.c">
      <Filter>Fonts</Filter>
    </ClCompile>
    <ClCompile Include="..\..\User\fonts\ra8875_asc_width.c">
      <Filter>Fonts</Filter>
    </ClCompile>
    <ClCompile Include="..\..\User\fonts\hz32.c">
      <Filter>Fonts</Filter>
    </ClCompile>
    <ClCompile Include="..\..\User\fonts\hz24.c">
      <Filter>Fonts</Filter>
    </ClCompile>
    <ClCompile Include="..\..\User\fonts\hz16.c">
      <Filter>Fonts</Filter>
    </ClCompile>
    <ClCompile Include="..\..\User\fonts\hz12.c">
      <Filter>Fonts</Filter>
    </ClCompile>
    <ClCompile Include="..\..\User\fonts\font.c">
      <Filter>Fonts</Filter>
    </ClCompile>
    <ClCompile Include="..\..\User\fonts\asc16.c">
      <Filter>Fonts</Filter>
    </ClCompile>
    <ClCompile Include="..\..\User\fonts\asc12.c">
      <Filter>Fonts</Filter>
    </ClCompile>
    <ClCompile Include="..\..\STDOS\Drivers\AD7124.cpp">
      <Filter>Drivers</Filter>
    </ClCompile>
    <ClCompile Include="..\..\STDOS\Drivers\AD7689.cpp">
      <Filter>Drivers</Filter>
    </ClCompile>
    <ClCompile Include="..\..\STDOS\Drivers\ADS1232.cpp">
      <Filter>Drivers</Filter>
    </ClCompile>
    <ClCompile Include="..\..\STDOS\Drivers\ADS1246.cpp">
      <Filter>Drivers</Filter>
    </ClCompile>
    <ClCompile Include="..\..\STDOS\Drivers\AT24CXX.cpp">
      <Filter>Drivers</Filter>
    </ClCompile>
    <ClCompile Include="..\..\STDOS\Drivers\AT45DB.cpp">
      <Filter>Drivers</Filter>
    </ClCompile>
    <ClCompile Include="..\..\STDOS\Drivers\DS18B20.cpp">
      <Filter>Drivers</Filter>
    </ClCompile>
    <ClCompile Include="..\..\STDOS\Drivers\Esp8266.cpp">
      <Filter>Drivers</Filter>
    </ClCompile>
    <ClCompile Include="..\..\STDOS\Drivers\NPA.cpp">
      <Filter>Drivers</Filter>
    </ClCompile>
    <ClCompile Include="..\..\STDOS\Drivers\nrf24l01.cpp">
      <Filter>Drivers</Filter>
    </ClCompile>
    <ClCompile Include="..\..\STDOS\Drivers\RX8025T.cpp">
      <Filter>Drivers</Filter>
    </ClCompile>
    <ClCompile Include="..\..\STDOS\Drivers\SSD1106.cpp">
      <Filter>Drivers</Filter>
    </ClCompile>
    <ClCompile Include="..\..\STDOS\Drivers\SSD1309.cpp">
      <Filter>Drivers</Filter>
    </ClCompile>
    <ClCompile Include="..\..\STDOS\Drivers\ST7565R.cpp">
      <Filter>Drivers</Filter>
    </ClCompile>
    <ClCompile Include="..\..\STDOS\Drivers\W25QXXX.cpp">
      <Filter>Drivers</Filter>
    </ClCompile>
    <ClCompile Include="..\..\STDOS\Device\Flash.cpp">
      <Filter>Device</Filter>
    </ClCompile>
    <ClCompile Include="..\..\STDOS\Device\I2C.cpp">
      <Filter>Device</Filter>
    </ClCompile>
    <ClCompile Include="..\..\STDOS\Device\Port.cpp">
      <Filter>Device</Filter>
    </ClCompile>
    <ClCompile Include="..\..\STDOS\Device\Pwm.cpp">
      <Filter>Device</Filter>
    </ClCompile>
    <ClCompile Include="..\..\STDOS\Device\PwmSolo.cpp">
      <Filter>Device</Filter>
    </ClCompile>
    <ClCompile Include="..\..\STDOS\Device\RTC.cpp">
      <Filter>Device</Filter>
    </ClCompile>
    <ClCompile Include="..\..\STDOS\Device\SerialPort.cpp">
      <Filter>Device</Filter>
    </ClCompile>
    <ClCompile Include="..\..\STDOS\Device\Spi.cpp">
      <Filter>Device</Filter>
    </ClCompile>
    <ClCompile Include="..\..\STDOS\Device\Timer.cpp">
      <Filter>Device</Filter>
    </ClCompile>
    <ClCompile Include="..\..\STDOS\Device\WatchDog.cpp">
      <Filter>Device</Filter>
    </ClCompile>
  </ItemGroup>
</Project>